
Microsoft Visual Studio Solution File, Format Version 11.00
# Visual Studio 2010
Project("{FAE04EC0-301F-11D3-BF4B-00C04F79EFBC}") = "XFramework", "XFramework\XFramework.csproj", "{C559CACD-FF3E-4280-AD29-E10B90CEDE8B}"
EndProject
Project("{2150E333-8FDC-42A3-9474-1A3956D46DE8}") = "WebApi", "WebApi", "{9B4FF9B8-F887-4C1A-AEA6-4B7273933C5F}"
EndProject
Project("{FAE04EC0-301F-11D3-BF4B-00C04F79EFBC}") = "XF.Api.Core", "WebApi\XF.Api.Core\XF.Api.Core.csproj", "{96EF2FFC-B870-4231-A58D-5516F48AD220}"
EndProject
Project("{FAE04EC0-301F-11D3-BF4B-00C04F79EFBC}") = "XF.Api.Lib", "WebApi\XF.Api.Lib\XF.Api.Lib.csproj", "{F02CDEB0-4FC7-4A90-B0CF-84363745B68C}"
EndProject
Project("{FAE04EC0-301F-11D3-BF4B-00C04F79EFBC}") = "XF.Api.Test", "WebApi\XF.Api.Test\XF.Api.Test.csproj", "{F3289692-48CE-4114-9FC9-9E8BE2BB6E52}"
EndProject
Project("{FAE04EC0-301F-11D3-BF4B-00C04F79EFBC}") = "XF.Api.Web", "WebApi\XF.Api.Web\XF.Api.Web.csproj", "{6914EFBC-35A0-4C37-A8B3-17BF25257CB4}"
EndProject
Project("{E24C65DC-7377-472B-9ABA-BC803B73C61A}") = "XF.Client.TestWeb", "WebApi\XF.Client.TestWeb\", "{001069CD-C10B-4089-A03D-DA9EFE5146CD}"
	ProjectSection(WebsiteProperties) = preProject
		TargetFrameworkMoniker = ".NETFramework,Version%3Dv4.0"
		Debug.AspNetCompiler.VirtualPath = "/XF.Client.TestWeb"
		Debug.AspNetCompiler.PhysicalPath = "WebApi\XF.Client.TestWeb\"
		Debug.AspNetCompiler.TargetPath = "PrecompiledWeb\XF.Client.TestWeb\"
		Debug.AspNetCompiler.Updateable = "true"
		Debug.AspNetCompiler.ForceOverwrite = "true"
		Debug.AspNetCompiler.FixedNames = "false"
		Debug.AspNetCompiler.Debug = "True"
		Release.AspNetCompiler.VirtualPath = "/XF.Client.TestWeb"
		Release.AspNetCompiler.PhysicalPath = "WebApi\XF.Client.TestWeb\"
		Release.AspNetCompiler.TargetPath = "PrecompiledWeb\XF.Client.TestWeb\"
		Release.AspNetCompiler.Updateable = "true"
		Release.AspNetCompiler.ForceOverwrite = "true"
		Release.AspNetCompiler.FixedNames = "false"
		Release.AspNetCompiler.Debug = "False"
		VWDPort = "31929"
	EndProjectSection
EndProject
Global
	GlobalSection(SolutionConfigurationPlatforms) = preSolution
		Debug|Any CPU = Debug|Any CPU
		Debug|Mixed Platforms = Debug|Mixed Platforms
		Debug|x86 = Debug|x86
		Release|Any CPU = Release|Any CPU
		Release|Mixed Platforms = Release|Mixed Platforms
		Release|x86 = Release|x86
	EndGlobalSection
	GlobalSection(ProjectConfigurationPlatforms) = postSolution
		{C559CACD-FF3E-4280-AD29-E10B90CEDE8B}.Debug|Any CPU.ActiveCfg = Debug|Any CPU
		{C559CACD-FF3E-4280-AD29-E10B90CEDE8B}.Debug|Any CPU.Build.0 = Debug|Any CPU
		{C559CACD-FF3E-4280-AD29-E10B90CEDE8B}.Debug|Mixed Platforms.ActiveCfg = Debug|Any CPU
		{C559CACD-FF3E-4280-AD29-E10B90CEDE8B}.Debug|Mixed Platforms.Build.0 = Debug|Any CPU
		{C559CACD-FF3E-4280-AD29-E10B90CEDE8B}.Debug|x86.ActiveCfg = Debug|Any CPU
		{C559CACD-FF3E-4280-AD29-E10B90CEDE8B}.Release|Any CPU.ActiveCfg = Release|Any CPU
		{C559CACD-FF3E-4280-AD29-E10B90CEDE8B}.Release|Any CPU.Build.0 = Release|Any CPU
		{C559CACD-FF3E-4280-AD29-E10B90CEDE8B}.Release|Mixed Platforms.ActiveCfg = Release|Any CPU
		{C559CACD-FF3E-4280-AD29-E10B90CEDE8B}.Release|Mixed Platforms.Build.0 = Release|Any CPU
		{C559CACD-FF3E-4280-AD29-E10B90CEDE8B}.Release|x86.ActiveCfg = Release|Any CPU
		{96EF2FFC-B870-4231-A58D-5516F48AD220}.Debug|Any CPU.ActiveCfg = Debug|Any CPU
		{96EF2FFC-B870-4231-A58D-5516F48AD220}.Debug|Any CPU.Build.0 = Debug|Any CPU
		{96EF2FFC-B870-4231-A58D-5516F48AD220}.Debug|Mixed Platforms.ActiveCfg = Debug|Any CPU
		{96EF2FFC-B870-4231-A58D-5516F48AD220}.Debug|Mixed Platforms.Build.0 = Debug|Any CPU
		{96EF2FFC-B870-4231-A58D-5516F48AD220}.Debug|x86.ActiveCfg = Debug|Any CPU
		{96EF2FFC-B870-4231-A58D-5516F48AD220}.Release|Any CPU.ActiveCfg = Release|Any CPU
		{96EF2FFC-B870-4231-A58D-5516F48AD220}.Release|Any CPU.Build.0 = Release|Any CPU
		{96EF2FFC-B870-4231-A58D-5516F48AD220}.Release|Mixed Platforms.ActiveCfg = Release|Any CPU
		{96EF2FFC-B870-4231-A58D-5516F48AD220}.Release|Mixed Platforms.Build.0 = Release|Any CPU
		{96EF2FFC-B870-4231-A58D-5516F48AD220}.Release|x86.ActiveCfg = Release|Any CPU
		{F02CDEB0-4FC7-4A90-B0CF-84363745B68C}.Debug|Any CPU.ActiveCfg = Debug|Any CPU
		{F02CDEB0-4FC7-4A90-B0CF-84363745B68C}.Debug|Any CPU.Build.0 = Debug|Any CPU
		{F02CDEB0-4FC7-4A90-B0CF-84363745B68C}.Debug|Mixed Platforms.ActiveCfg = Debug|Any CPU
		{F02CDEB0-4FC7-4A90-B0CF-84363745B68C}.Debug|Mixed Platforms.Build.0 = Debug|Any CPU
		{F02CDEB0-4FC7-4A90-B0CF-84363745B68C}.Debug|x86.ActiveCfg = Debug|Any CPU
		{F02CDEB0-4FC7-4A90-B0CF-84363745B68C}.Release|Any CPU.ActiveCfg = Release|Any CPU
		{F02CDEB0-4FC7-4A90-B0CF-84363745B68C}.Release|Any CPU.Build.0 = Release|Any CPU
		{F02CDEB0-4FC7-4A90-B0CF-84363745B68C}.Release|Mixed Platforms.ActiveCfg = Release|Any CPU
		{F02CDEB0-4FC7-4A90-B0CF-84363745B68C}.Release|Mixed Platforms.Build.0 = Release|Any CPU
		{F02CDEB0-4FC7-4A90-B0CF-84363745B68C}.Release|x86.ActiveCfg = Release|Any CPU
		{F3289692-48CE-4114-9FC9-9E8BE2BB6E52}.Debug|Any CPU.ActiveCfg = Debug|Any CPU
		{F3289692-48CE-4114-9FC9-9E8BE2BB6E52}.Debug|Any CPU.Build.0 = Debug|Any CPU
		{F3289692-48CE-4114-9FC9-9E8BE2BB6E52}.Debug|Mixed Platforms.ActiveCfg = Debug|Any CPU
		{F3289692-48CE-4114-9FC9-9E8BE2BB6E52}.Debug|Mixed Platforms.Build.0 = Debug|Any CPU
		{F3289692-48CE-4114-9FC9-9E8BE2BB6E52}.Debug|x86.ActiveCfg = Debug|Any CPU
		{F3289692-48CE-4114-9FC9-9E8BE2BB6E52}.Release|Any CPU.ActiveCfg = Release|Any CPU
		{F3289692-48CE-4114-9FC9-9E8BE2BB6E52}.Release|Any CPU.Build.0 = Release|Any CPU
		{F3289692-48CE-4114-9FC9-9E8BE2BB6E52}.Release|Mixed Platforms.ActiveCfg = Release|Any CPU
		{F3289692-48CE-4114-9FC9-9E8BE2BB6E52}.Release|Mixed Platforms.Build.0 = Release|Any CPU
		{F3289692-48CE-4114-9FC9-9E8BE2BB6E52}.Release|x86.ActiveCfg = Release|Any CPU
		{6914EFBC-35A0-4C37-A8B3-17BF25257CB4}.Debug|Any CPU.ActiveCfg = Debug|Any CPU
		{6914EFBC-35A0-4C37-A8B3-17BF25257CB4}.Debug|Any CPU.Build.0 = Debug|Any CPU
		{6914EFBC-35A0-4C37-A8B3-17BF25257CB4}.Debug|Mixed Platforms.ActiveCfg = Debug|Any CPU
		{6914EFBC-35A0-4C37-A8B3-17BF25257CB4}.Debug|Mixed Platforms.Build.0 = Debug|Any CPU
		{6914EFBC-35A0-4C37-A8B3-17BF25257CB4}.Debug|x86.ActiveCfg = Debug|Any CPU
		{6914EFBC-35A0-4C37-A8B3-17BF25257CB4}.Release|Any CPU.ActiveCfg = Release|Any CPU
		{6914EFBC-35A0-4C37-A8B3-17BF25257CB4}.Release|Any CPU.Build.0 = Release|Any CPU
		{6914EFBC-35A0-4C37-A8B3-17BF25257CB4}.Release|Mixed Platforms.ActiveCfg = Release|Any CPU
		{6914EFBC-35A0-4C37-A8B3-17BF25257CB4}.Release|Mixed Platforms.Build.0 = Release|Any CPU
		{6914EFBC-35A0-4C37-A8B3-17BF25257CB4}.Release|x86.ActiveCfg = Release|Any CPU
		{001069CD-C10B-4089-A03D-DA9EFE5146CD}.Debug|Any CPU.ActiveCfg = Debug|Any CPU
		{001069CD-C10B-4089-A03D-DA9EFE5146CD}.Debug|Any CPU.Build.0 = Debug|Any CPU
		{001069CD-C10B-4089-A03D-DA9EFE5146CD}.Debug|Mixed Platforms.ActiveCfg = Debug|Any CPU
		{001069CD-C10B-4089-A03D-DA9EFE5146CD}.Debug|Mixed Platforms.Build.0 = Debug|Any CPU
		{001069CD-C10B-4089-A03D-DA9EFE5146CD}.Debug|x86.ActiveCfg = Debug|Any CPU
		{001069CD-C10B-4089-A03D-DA9EFE5146CD}.Release|Any CPU.ActiveCfg = Debug|Any CPU
		{001069CD-C10B-4089-A03D-DA9EFE5146CD}.Release|Any CPU.Build.0 = Debug|Any CPU
		{001069CD-C10B-4089-A03D-DA9EFE5146CD}.Release|Mixed Platforms.ActiveCfg = Debug|Any CPU
		{001069CD-C10B-4089-A03D-DA9EFE5146CD}.Release|Mixed Platforms.Build.0 = Debug|Any CPU
		{001069CD-C10B-4089-A03D-DA9EFE5146CD}.Release|x86.ActiveCfg = Debug|Any CPU
	EndGlobalSection
	GlobalSection(SolutionProperties) = preSolution
		HideSolutionNode = FALSE
	EndGlobalSection
	GlobalSection(NestedProjects) = preSolution
		{96EF2FFC-B870-4231-A58D-5516F48AD220} = {9B4FF9B8-F887-4C1A-AEA6-4B7273933C5F}
		{F02CDEB0-4FC7-4A90-B0CF-84363745B68C} = {9B4FF9B8-F887-4C1A-AEA6-4B7273933C5F}
		{F3289692-48CE-4114-9FC9-9E8BE2BB6E52} = {9B4FF9B8-F887-4C1A-AEA6-4B7273933C5F}
		{6914EFBC-35A0-4C37-A8B3-17BF25257CB4} = {9B4FF9B8-F887-4C1A-AEA6-4B7273933C5F}
		{001069CD-C10B-4089-A03D-DA9EFE5146CD} = {9B4FF9B8-F887-4C1A-AEA6-4B7273933C5F}
	EndGlobalSection
EndGlobal
